
Microsoft Visual Studio Solution File, Format Version 12.00
# Visual Studio Version 16
VisualStudioVersion = 16.0.29025.244
MinimumVisualStudioVersion = 10.0.40219.1
Project("{FAE04EC0-301F-11D3-BF4B-00C04F79EFBC}") = "autocup", "autocup\autocup.csproj", "{210A45E2-2340-44B2-9D41-C1B351380375}"
EndProject
Project("{930C7802-8A8C-48F9-8165-68863BCCD9DD}") = "AutocupSetup", "AutocupSetup\AutocupSetup.wixproj", "{DD115566-6C1E-42FA-B9FF-C7DEF962C0D1}"
EndProject
Global
	GlobalSection(SolutionConfigurationPlatforms) = preSolution
		Debug|Any CPU = Debug|Any CPU
		Debug|x64 = Debug|x64
		Debug|x86 = Debug|x86
		Release|Any CPU = Release|Any CPU
		Release|x64 = Release|x64
		Release|x86 = Release|x86
	EndGlobalSection
	GlobalSection(ProjectConfigurationPlatforms) = postSolution
		{210A45E2-2340-44B2-9D41-C1B351380375}.Debug|Any CPU.ActiveCfg = Debug|Any CPU
		{210A45E2-2340-44B2-9D41-C1B351380375}.Debug|Any CPU.Build.0 = Debug|Any CPU
		{210A45E2-2340-44B2-9D41-C1B351380375}.Debug|x64.ActiveCfg = Debug|x64
		{210A45E2-2340-44B2-9D41-C1B351380375}.Debug|x64.Build.0 = Debug|x64
		{210A45E2-2340-44B2-9D41-C1B351380375}.Debug|x86.ActiveCfg = Debug|Any CPU
		{210A45E2-2340-44B2-9D41-C1B351380375}.Debug|x86.Build.0 = Debug|Any CPU
		{210A45E2-2340-44B2-9D41-C1B351380375}.Release|Any CPU.ActiveCfg = Release|Any CPU
		{210A45E2-2340-44B2-9D41-C1B351380375}.Release|Any CPU.Build.0 = Release|Any CPU
		{210A45E2-2340-44B2-9D41-C1B351380375}.Release|x64.ActiveCfg = Release|x64
		{210A45E2-2340-44B2-9D41-C1B351380375}.Release|x64.Build.0 = Release|x64
		{210A45E2-2340-44B2-9D41-C1B351380375}.Release|x86.ActiveCfg = Release|Any CPU
		{210A45E2-2340-44B2-9D41-C1B351380375}.Release|x86.Build.0 = Release|Any CPU
		{DD115566-6C1E-42FA-B9FF-C7DEF962C0D1}.Debug|Any CPU.ActiveCfg = Debug|x86
		{DD115566-6C1E-42FA-B9FF-C7DEF962C0D1}.Debug|x64.ActiveCfg = Debug|x86
		{DD115566-6C1E-42FA-B9FF-C7DEF962C0D1}.Debug|x86.ActiveCfg = Debug|x86
		{DD115566-6C1E-42FA-B9FF-C7DEF962C0D1}.Debug|x86.Build.0 = Debug|x86
		{DD115566-6C1E-42FA-B9FF-C7DEF962C0D1}.Release|Any CPU.ActiveCfg = Release|x86
		{DD115566-6C1E-42FA-B9FF-C7DEF962C0D1}.Release|x64.ActiveCfg = Release|x86
		{DD115566-6C1E-42FA-B9FF-C7DEF962C0D1}.Release|x86.ActiveCfg = Release|x86
		{DD115566-6C1E-42FA-B9FF-C7DEF962C0D1}.Release|x86.Build.0 = Release|x86
	EndGlobalSection
	GlobalSection(SolutionProperties) = preSolution
		HideSolutionNode = FALSE
	EndGlobalSection
	GlobalSection(ExtensibilityGlobals) = postSolution
		SolutionGuid = {B1BDD288-63EB-4C5A-8798-172DE5092D2C}
	EndGlobalSection
EndGlobal
